
Microsoft Visual Studio Solution File, Format Version 12.00
# Visual Studio Version 16
VisualStudioVersion = 16.0.31613.86
MinimumVisualStudioVersion = 10.0.40219.1
Project("{FAE04EC0-301F-11D3-BF4B-00C04F79EFBC}") = "BuilderPattern", "BuilderPattern\BuilderPattern.csproj", "{3607048F-6BA0-49AD-9712-A8BCB6785616}"
EndProject
Global
	GlobalSection(SolutionConfigurationPlatforms) = preSolution
		Debug|Any CPU = Debug|Any CPU
		Release|Any CPU = Release|Any CPU
	EndGlobalSection
	GlobalSection(ProjectConfigurationPlatforms) = postSolution
		{3607048F-6BA0-49AD-9712-A8BCB6785616}.Debug|Any CPU.ActiveCfg = Debug|Any CPU
		{3607048F-6BA0-49AD-9712-A8BCB6785616}.Debug|Any CPU.Build.0 = Debug|Any CPU
		{3607048F-6BA0-49AD-9712-A8BCB6785616}.Release|Any CPU.ActiveCfg = Release|Any CPU
		{3607048F-6BA0-49AD-9712-A8BCB6785616}.Release|Any CPU.Build.0 = Release|Any CPU
	EndGlobalSection
	GlobalSection(SolutionProperties) = preSolution
		HideSolutionNode = FALSE
	EndGlobalSection
	GlobalSection(ExtensibilityGlobals) = postSolution
		SolutionGuid = {5CF4057C-9EF2-4FFA-8BF6-A4E8ABDAAD06}
	EndGlobalSection
EndGlobal
